
Microsoft Visual Studio Solution File, Format Version 12.00
# Visual Studio Version 16
VisualStudioVersion = 16.0.32106.194
MinimumVisualStudioVersion = 10.0.40219.1
Project("{FAE04EC0-301F-11D3-BF4B-00C04F79EFBC}") = "Zadanie_Calc_Wpf", "Zadanie_Calc_Wpf.csproj", "{ED5B003D-9DBE-418C-A319-7D3EB80F7153}"
EndProject
Global
	GlobalSection(SolutionConfigurationPlatforms) = preSolution
		Debug|Any CPU = Debug|Any CPU
		Release|Any CPU = Release|Any CPU
	EndGlobalSection
	GlobalSection(ProjectConfigurationPlatforms) = postSolution
		{ED5B003D-9DBE-418C-A319-7D3EB80F7153}.Debug|Any CPU.ActiveCfg = Debug|Any CPU
		{ED5B003D-9DBE-418C-A319-7D3EB80F7153}.Debug|Any CPU.Build.0 = Debug|Any CPU
		{ED5B003D-9DBE-418C-A319-7D3EB80F7153}.Release|Any CPU.ActiveCfg = Release|Any CPU
		{ED5B003D-9DBE-418C-A319-7D3EB80F7153}.Release|Any CPU.Build.0 = Release|Any CPU
	EndGlobalSection
	GlobalSection(SolutionProperties) = preSolution
		HideSolutionNode = FALSE
	EndGlobalSection
	GlobalSection(ExtensibilityGlobals) = postSolution
		SolutionGuid = {A6A758A7-532D-4FDE-9219-FA5BCFE0CBB0}
	EndGlobalSection
EndGlobal
